// !$*UTF8*$!
{
	archiveVersion = 1;
	classes = {
	};
	objectVersion = 46;
	objects = {

/* Begin PBXBuildFile section */
		DA1B870614ED9A1500ABCEDB /* main.cpp in Sources */ = {isa = PBXBuildFile; fileRef = DA1B870514ED9A1500ABCEDB /* main.cpp */; };
		DA1B871014ED9A2300ABCEDB /* GLUT.framework in Frameworks */ = {isa = PBXBuildFile; fileRef = DA1B870E14ED9A2300ABCEDB /* GLUT.framework */; };
		DA1B871114ED9A2300ABCEDB /* OpenGL.framework in Frameworks */ = {isa = PBXBuildFile; fileRef = DA1B870F14ED9A2300ABCEDB /* OpenGL.framework */; };
		DA84028515068442001407BE /* plane.cpp in Sources */ = {isa = PBXBuildFile; fileRef = DA84028415068442001407BE /* plane.cpp */; };
		DA8402871506A95A001407BE /* vector_operations.cpp in Sources */ = {isa = PBXBuildFile; fileRef = DA8402861506A95A001407BE /* vector_operations.cpp */; };
/* End PBXBuildFile section */

/* Begin PBXCopyFilesBuildPhase section */
		DA1B86FF14ED9A1500ABCEDB /* CopyFiles */ = {
			isa = PBXCopyFilesBuildPhase;
			buildActionMask = 2147483647;
			dstPath = /usr/share/man/man1/;
			dstSubfolderSpec = 0;
			files = (
			);
			runOnlyForDeploymentPostprocessing = 1;
		};
/* End PBXCopyFilesBuildPhase section */

/* Begin PBXFileReference section */
		DA1B870114ED9A1500ABCEDB /* mp2 */ = {isa = PBXFileReference; explicitFileType = "compiled.mach-o.executable"; includeInIndex = 0; path = mp2; sourceTree = BUILT_PRODUCTS_DIR; };
		DA1B870514ED9A1500ABCEDB /* main.cpp */ = {isa = PBXFileReference; lastKnownFileType = sourcecode.cpp.cpp; path = main.cpp; sourceTree = "<group>"; };
		DA1B870E14ED9A2300ABCEDB /* GLUT.framework */ = {isa = PBXFileReference; lastKnownFileType = wrapper.framework; name = GLUT.framework; path = System/Library/Frameworks/GLUT.framework; sourceTree = SDKROOT; };
		DA1B870F14ED9A2300ABCEDB /* OpenGL.framework */ = {isa = PBXFileReference; lastKnownFileType = wrapper.framework; name = OpenGL.framework; path = System/Library/Frameworks/OpenGL.framework; sourceTree = SDKROOT; };
		DA8402801506752C001407BE /* main.h */ = {isa = PBXFileReference; fileEncoding = 4; lastKnownFileType = sourcecode.c.h; path = main.h; sourceTree = "<group>"; };
		DA84028315067829001407BE /* plane.h */ = {isa = PBXFileReference; fileEncoding = 4; lastKnownFileType = sourcecode.c.h; path = plane.h; sourceTree = "<group>"; };
		DA84028415068442001407BE /* plane.cpp */ = {isa = PBXFileReference; fileEncoding = 4; lastKnownFileType = sourcecode.cpp.cpp; path = plane.cpp; sourceTree = "<group>"; };
		DA8402861506A95A001407BE /* vector_operations.cpp */ = {isa = PBXFileReference; fileEncoding = 4; lastKnownFileType = sourcecode.cpp.cpp; path = vector_operations.cpp; sourceTree = "<group>"; };
		DA8402881506A962001407BE /* vector_operations.h */ = {isa = PBXFileReference; fileEncoding = 4; lastKnownFileType = sourcecode.c.h; path = vector_operations.h; sourceTree = "<group>"; };
/* End PBXFileReference section */

/* Begin PBXFrameworksBuildPhase section */
		DA1B86FE14ED9A1500ABCEDB /* Frameworks */ = {
			isa = PBXFrameworksBuildPhase;
			buildActionMask = 2147483647;
			files = (
				DA1B871014ED9A2300ABCEDB /* GLUT.framework in Frameworks */,
				DA1B871114ED9A2300ABCEDB /* OpenGL.framework in Frameworks */,
			);
			runOnlyForDeploymentPostprocessing = 0;
		};
/* End PBXFrameworksBuildPhase section */

/* Begin PBXGroup section */
		DA1B86F614ED9A1500ABCEDB = {
			isa = PBXGroup;
			children = (
				DA1B870E14ED9A2300ABCEDB /* GLUT.framework */,
				DA1B870F14ED9A2300ABCEDB /* OpenGL.framework */,
				DA1B870414ED9A1500ABCEDB /* mp2 */,
				DA1B870214ED9A1500ABCEDB /* Products */,
			);
			sourceTree = "<group>";
		};
		DA1B870214ED9A1500ABCEDB /* Products */ = {
			isa = PBXGroup;
			children = (
				DA1B870114ED9A1500ABCEDB /* mp2 */,
			);
			name = Products;
			sourceTree = "<group>";
		};
		DA1B870414ED9A1500ABCEDB /* mp2 */ = {
			isa = PBXGroup;
			children = (
				DA8402801506752C001407BE /* main.h */,
				DA1B870514ED9A1500ABCEDB /* main.cpp */,
				DA84028315067829001407BE /* plane.h */,
				DA84028415068442001407BE /* plane.cpp */,
				DA8402881506A962001407BE /* vector_operations.h */,
				DA8402861506A95A001407BE /* vector_operations.cpp */,
			);
			path = mp2;
			sourceTree = "<group>";
		};
/* End PBXGroup section */

/* Begin PBXNativeTarget section */
		DA1B870014ED9A1500ABCEDB /* mp2 */ = {
			isa = PBXNativeTarget;
			buildConfigurationList = DA1B870B14ED9A1500ABCEDB /* Build configuration list for PBXNativeTarget "mp2" */;
			buildPhases = (
				DA1B86FD14ED9A1500ABCEDB /* Sources */,
				DA1B86FE14ED9A1500ABCEDB /* Frameworks */,
				DA1B86FF14ED9A1500ABCEDB /* CopyFiles */,
			);
			buildRules = (
			);
			dependencies = (
			);
			name = mp2;
			productName = mp2;
			productReference = DA1B870114ED9A1500ABCEDB /* mp2 */;
			productType = "com.apple.product-type.tool";
		};
/* End PBXNativeTarget section */

/* Begin PBXProject section */
		DA1B86F814ED9A1500ABCEDB /* Project object */ = {
			isa = PBXProject;
			attributes = {
				LastUpgradeCheck = 0420;
				ORGANIZATIONNAME = "University of Illinois";
			};
			buildConfigurationList = DA1B86FB14ED9A1500ABCEDB /* Build configuration list for PBXProject "mp2" */;
			compatibilityVersion = "Xcode 3.2";
			developmentRegion = English;
			hasScannedForEncodings = 0;
			knownRegions = (
				en,
			);
			mainGroup = DA1B86F614ED9A1500ABCEDB;
			productRefGroup = DA1B870214ED9A1500ABCEDB /* Products */;
			projectDirPath = "";
			projectRoot = "";
			targets = (
				DA1B870014ED9A1500ABCEDB /* mp2 */,
			);
		};
/* End PBXProject section */

/* Begin PBXSourcesBuildPhase section */
		DA1B86FD14ED9A1500ABCEDB /* Sources */ = {
			isa = PBXSourcesBuildPhase;
			buildActionMask = 2147483647;
			files = (
				DA1B870614ED9A1500ABCEDB /* main.cpp in Sources */,
				DA84028515068442001407BE /* plane.cpp in Sources */,
				DA8402871506A95A001407BE /* vector_operations.cpp in Sources */,
			);
			runOnlyForDeploymentPostprocessing = 0;
		};
/* End PBXSourcesBuildPhase section */

/* Begin XCBuildConfiguration section */
		DA1B870914ED9A1500ABCEDB /* Debug */ = {
			isa = XCBuildConfiguration;
			buildSettings = {
				ALWAYS_SEARCH_USER_PATHS = NO;
				ARCHS = "$(ARCHS_STANDARD_64_BIT)";
				CLANG_ENABLE_OBJC_ARC = YES;
				COPY_PHASE_STRIP = NO;
				GCC_C_LANGUAGE_STANDARD = gnu99;
				GCC_DYNAMIC_NO_PIC = NO;
				GCC_ENABLE_OBJC_EXCEPTIONS = YES;
				GCC_OPTIMIZATION_LEVEL = 0;
				GCC_PREPROCESSOR_DEFINITIONS = (
					"DEBUG=1",
					"$(inherited)",
				);
				GCC_SYMBOLS_PRIVATE_EXTERN = NO;
				GCC_VERSION = com.apple.compilers.llvm.clang.1_0;
				GCC_WARN_64_TO_32_BIT_CONVERSION = YES;
				GCC_WARN_ABOUT_MISSING_PROTOTYPES = YES;
				GCC_WARN_ABOUT_RETURN_TYPE = YES;
				GCC_WARN_UNUSED_VARIABLE = YES;
				MACOSX_DEPLOYMENT_TARGET = 10.7;
				ONLY_ACTIVE_ARCH = YES;
				SDKROOT = macosx;
			};
			name = Debug;
		};
		DA1B870A14ED9A1500ABCEDB /* Release */ = {
			isa = XCBuildConfiguration;
			buildSettings = {
				ALWAYS_SEARCH_USER_PATHS = NO;
				ARCHS = "$(ARCHS_STANDARD_64_BIT)";
				CLANG_ENABLE_OBJC_ARC = YES;
				COPY_PHASE_STRIP = YES;
				DEBUG_INFORMATION_FORMAT = "dwarf-with-dsym";
				GCC_C_LANGUAGE_STANDARD = gnu99;
				GCC_ENABLE_OBJC_EXCEPTIONS = YES;
				GCC_VERSION = com.apple.compilers.llvm.clang.1_0;
				GCC_WARN_64_TO_32_BIT_CONVERSION = YES;
				GCC_WARN_ABOUT_MISSING_PROTOTYPES = YES;
				GCC_WARN_ABOUT_RETURN_TYPE = YES;
				GCC_WARN_UNUSED_VARIABLE = YES;
				MACOSX_DEPLOYMENT_TARGET = 10.7;
				SDKROOT = macosx;
			};
			name = Release;
		};
		DA1B870C14ED9A1500ABCEDB /* Debug */ = {
			isa = XCBuildConfiguration;
			buildSettings = {
				PRODUCT_NAME = "$(TARGET_NAME)";
			};
			name = Debug;
		};
		DA1B870D14ED9A1500ABCEDB /* Release */ = {
			isa = XCBuildConfiguration;
			buildSettings = {
				PRODUCT_NAME = "$(TARGET_NAME)";
			};
			name = Release;
		};
/* End XCBuildConfiguration section */

/* Begin XCConfigurationList section */
		DA1B86FB14ED9A1500ABCEDB /* Build configuration list for PBXProject "mp2" */ = {
			isa = XCConfigurationList;
			buildConfigurations = (
				DA1B870914ED9A1500ABCEDB /* Debug */,
				DA1B870A14ED9A1500ABCEDB /* Release */,
			);
			defaultConfigurationIsVisible = 0;
			defaultConfigurationName = Release;
		};
		DA1B870B14ED9A1500ABCEDB /* Build configuration list for PBXNativeTarget "mp2" */ = {
			isa = XCConfigurationList;
			buildConfigurations = (
				DA1B870C14ED9A1500ABCEDB /* Debug */,
				DA1B870D14ED9A1500ABCEDB /* Release */,
			);
			defaultConfigurationIsVisible = 0;
			defaultConfigurationName = Release;
		};
/* End XCConfigurationList section */
	};
	rootObject = DA1B86F814ED9A1500ABCEDB /* Project object */;
}
